
Microsoft Visual Studio Solution File, Format Version 12.00
# Visual Studio Version 16
VisualStudioVersion = 16.0.31624.102
MinimumVisualStudioVersion = 10.0.40219.1
Project("{9A19103F-16F7-4668-BE54-9A1E7A4F7556}") = "Entidades", "Entidades\Entidades.csproj", "{24019E8C-DF61-4B43-B287-DC12F7DE8059}"
EndProject
Project("{9A19103F-16F7-4668-BE54-9A1E7A4F7556}") = "FrmLibreMercado", "FrmClinica\FrmLibreMercado.csproj", "{C3E2017A-850B-41AC-B123-6D1317059583}"
EndProject
Project("{FAE04EC0-301F-11D3-BF4B-00C04F79EFBC}") = "PruebaTest", "PruebaTest\PruebaTest.csproj", "{2AF5C250-31AA-4445-9888-0823992384D2}"
EndProject
Global
	GlobalSection(SolutionConfigurationPlatforms) = preSolution
		Debug|Any CPU = Debug|Any CPU
		Release|Any CPU = Release|Any CPU
	EndGlobalSection
	GlobalSection(ProjectConfigurationPlatforms) = postSolution
		{24019E8C-DF61-4B43-B287-DC12F7DE8059}.Debug|Any CPU.ActiveCfg = Debug|Any CPU
		{24019E8C-DF61-4B43-B287-DC12F7DE8059}.Debug|Any CPU.Build.0 = Debug|Any CPU
		{24019E8C-DF61-4B43-B287-DC12F7DE8059}.Release|Any CPU.ActiveCfg = Release|Any CPU
		{24019E8C-DF61-4B43-B287-DC12F7DE8059}.Release|Any CPU.Build.0 = Release|Any CPU
		{C3E2017A-850B-41AC-B123-6D1317059583}.Debug|Any CPU.ActiveCfg = Debug|Any CPU
		{C3E2017A-850B-41AC-B123-6D1317059583}.Debug|Any CPU.Build.0 = Debug|Any CPU
		{C3E2017A-850B-41AC-B123-6D1317059583}.Release|Any CPU.ActiveCfg = Release|Any CPU
		{C3E2017A-850B-41AC-B123-6D1317059583}.Release|Any CPU.Build.0 = Release|Any CPU
		{2AF5C250-31AA-4445-9888-0823992384D2}.Debug|Any CPU.ActiveCfg = Debug|Any CPU
		{2AF5C250-31AA-4445-9888-0823992384D2}.Debug|Any CPU.Build.0 = Debug|Any CPU
		{2AF5C250-31AA-4445-9888-0823992384D2}.Release|Any CPU.ActiveCfg = Release|Any CPU
		{2AF5C250-31AA-4445-9888-0823992384D2}.Release|Any CPU.Build.0 = Release|Any CPU
	EndGlobalSection
	GlobalSection(SolutionProperties) = preSolution
		HideSolutionNode = FALSE
	EndGlobalSection
	GlobalSection(ExtensibilityGlobals) = postSolution
		SolutionGuid = {7A334087-9E4F-4D2D-AA8B-614B97939416}
	EndGlobalSection
EndGlobal
